
Microsoft Visual Studio Solution File, Format Version 12.00
# Visual Studio Version 17
VisualStudioVersion = 17.10.35201.131
MinimumVisualStudioVersion = 10.0.40219.1
Project("{FAE04EC0-301F-11D3-BF4B-00C04F79EFBC}") = "FileHandlingApp", "FileHandlingApp\FileHandlingApp.csproj", "{38704498-A72A-4FC0-A5E9-13B43AD73CEA}"
EndProject
Global
	GlobalSection(SolutionConfigurationPlatforms) = preSolution
		Debug|Any CPU = Debug|Any CPU
		Release|Any CPU = Release|Any CPU
	EndGlobalSection
	GlobalSection(ProjectConfigurationPlatforms) = postSolution
		{38704498-A72A-4FC0-A5E9-13B43AD73CEA}.Debug|Any CPU.ActiveCfg = Debug|Any CPU
		{38704498-A72A-4FC0-A5E9-13B43AD73CEA}.Debug|Any CPU.Build.0 = Debug|Any CPU
		{38704498-A72A-4FC0-A5E9-13B43AD73CEA}.Release|Any CPU.ActiveCfg = Release|Any CPU
		{38704498-A72A-4FC0-A5E9-13B43AD73CEA}.Release|Any CPU.Build.0 = Release|Any CPU
	EndGlobalSection
	GlobalSection(SolutionProperties) = preSolution
		HideSolutionNode = FALSE
	EndGlobalSection
	GlobalSection(ExtensibilityGlobals) = postSolution
		SolutionGuid = {0CA7F8FB-B006-4FE6-919F-7E9B07E82B8E}
	EndGlobalSection
EndGlobal
