
Microsoft Visual Studio Solution File, Format Version 12.00
# Visual Studio Version 17
VisualStudioVersion = 17.10.35027.167
MinimumVisualStudioVersion = 10.0.40219.1
Project("{FAE04EC0-301F-11D3-BF4B-00C04F79EFBC}") = "Struct_Class_Gr1", "Struct_Class_Gr1.csproj", "{45F37203-31D6-4973-B777-C0AB8037C1DE}"
EndProject
Global
	GlobalSection(SolutionConfigurationPlatforms) = preSolution
		Debug|Any CPU = Debug|Any CPU
		Release|Any CPU = Release|Any CPU
	EndGlobalSection
	GlobalSection(ProjectConfigurationPlatforms) = postSolution
		{45F37203-31D6-4973-B777-C0AB8037C1DE}.Debug|Any CPU.ActiveCfg = Debug|Any CPU
		{45F37203-31D6-4973-B777-C0AB8037C1DE}.Debug|Any CPU.Build.0 = Debug|Any CPU
		{45F37203-31D6-4973-B777-C0AB8037C1DE}.Release|Any CPU.ActiveCfg = Release|Any CPU
		{45F37203-31D6-4973-B777-C0AB8037C1DE}.Release|Any CPU.Build.0 = Release|Any CPU
	EndGlobalSection
	GlobalSection(SolutionProperties) = preSolution
		HideSolutionNode = FALSE
	EndGlobalSection
	GlobalSection(ExtensibilityGlobals) = postSolution
		SolutionGuid = {B11CED40-C2E7-4F46-9E21-7169D244635B}
	EndGlobalSection
EndGlobal
