
Microsoft Visual Studio Solution File, Format Version 12.00
# Visual Studio Version 17
VisualStudioVersion = 17.10.35027.167
MinimumVisualStudioVersion = 10.0.40219.1
Project("{FAE04EC0-301F-11D3-BF4B-00C04F79EFBC}") = "LU1_Dynamic_AnonType_Overloading", "LU1_Dynamic_AnonType_Overloading.csproj", "{33B4EF34-8872-41D5-A88A-858E5A67BA5E}"
EndProject
Global
	GlobalSection(SolutionConfigurationPlatforms) = preSolution
		Debug|Any CPU = Debug|Any CPU
		Release|Any CPU = Release|Any CPU
	EndGlobalSection
	GlobalSection(ProjectConfigurationPlatforms) = postSolution
		{33B4EF34-8872-41D5-A88A-858E5A67BA5E}.Debug|Any CPU.ActiveCfg = Debug|Any CPU
		{33B4EF34-8872-41D5-A88A-858E5A67BA5E}.Debug|Any CPU.Build.0 = Debug|Any CPU
		{33B4EF34-8872-41D5-A88A-858E5A67BA5E}.Release|Any CPU.ActiveCfg = Release|Any CPU
		{33B4EF34-8872-41D5-A88A-858E5A67BA5E}.Release|Any CPU.Build.0 = Release|Any CPU
	EndGlobalSection
	GlobalSection(SolutionProperties) = preSolution
		HideSolutionNode = FALSE
	EndGlobalSection
	GlobalSection(ExtensibilityGlobals) = postSolution
		SolutionGuid = {DE160B92-BB42-4466-BFDA-7D3B393B385A}
	EndGlobalSection
EndGlobal
