
Microsoft Visual Studio Solution File, Format Version 12.00
# Visual Studio Version 17
VisualStudioVersion = 17.10.35027.167
MinimumVisualStudioVersion = 10.0.40219.1
Project("{FAE04EC0-301F-11D3-BF4B-00C04F79EFBC}") = "IDisposable", "IDisposable.csproj", "{C4DD6E76-5235-4D01-B373-AE4838241BC3}"
EndProject
Global
	GlobalSection(SolutionConfigurationPlatforms) = preSolution
		Debug|Any CPU = Debug|Any CPU
		Release|Any CPU = Release|Any CPU
	EndGlobalSection
	GlobalSection(ProjectConfigurationPlatforms) = postSolution
		{C4DD6E76-5235-4D01-B373-AE4838241BC3}.Debug|Any CPU.ActiveCfg = Debug|Any CPU
		{C4DD6E76-5235-4D01-B373-AE4838241BC3}.Debug|Any CPU.Build.0 = Debug|Any CPU
		{C4DD6E76-5235-4D01-B373-AE4838241BC3}.Release|Any CPU.ActiveCfg = Release|Any CPU
		{C4DD6E76-5235-4D01-B373-AE4838241BC3}.Release|Any CPU.Build.0 = Release|Any CPU
	EndGlobalSection
	GlobalSection(SolutionProperties) = preSolution
		HideSolutionNode = FALSE
	EndGlobalSection
	GlobalSection(ExtensibilityGlobals) = postSolution
		SolutionGuid = {FFD8FE02-954B-4463-8D58-F8D0528A6195}
	EndGlobalSection
EndGlobal
