
Microsoft Visual Studio Solution File, Format Version 12.00
# Visual Studio Version 17
VisualStudioVersion = 17.10.35027.167
MinimumVisualStudioVersion = 10.0.40219.1
Project("{FAE04EC0-301F-11D3-BF4B-00C04F79EFBC}") = "Attributes_Demo", "Attributes_Demo\Attributes_Demo.csproj", "{ACDB4CA6-CF87-478E-8F95-1FD13EE354AB}"
EndProject
Global
	GlobalSection(SolutionConfigurationPlatforms) = preSolution
		Debug|Any CPU = Debug|Any CPU
		Release|Any CPU = Release|Any CPU
	EndGlobalSection
	GlobalSection(ProjectConfigurationPlatforms) = postSolution
		{ACDB4CA6-CF87-478E-8F95-1FD13EE354AB}.Debug|Any CPU.ActiveCfg = Debug|Any CPU
		{ACDB4CA6-CF87-478E-8F95-1FD13EE354AB}.Debug|Any CPU.Build.0 = Debug|Any CPU
		{ACDB4CA6-CF87-478E-8F95-1FD13EE354AB}.Release|Any CPU.ActiveCfg = Release|Any CPU
		{ACDB4CA6-CF87-478E-8F95-1FD13EE354AB}.Release|Any CPU.Build.0 = Release|Any CPU
	EndGlobalSection
	GlobalSection(SolutionProperties) = preSolution
		HideSolutionNode = FALSE
	EndGlobalSection
	GlobalSection(ExtensibilityGlobals) = postSolution
		SolutionGuid = {F87B58A1-7B76-4AFD-932E-3B2EC9A6279B}
	EndGlobalSection
EndGlobal
