
Microsoft Visual Studio Solution File, Format Version 12.00
# Visual Studio Version 17
VisualStudioVersion = 17.10.35027.167
MinimumVisualStudioVersion = 10.0.40219.1
Project("{FAE04EC0-301F-11D3-BF4B-00C04F79EFBC}") = "Reflection_App_Console_G1", "Reflection_App_Console_G1\Reflection_App_Console_G1.csproj", "{0683B334-00D5-4CE2-A0F4-C3CD2D72C319}"
EndProject
Global
	GlobalSection(SolutionConfigurationPlatforms) = preSolution
		Debug|Any CPU = Debug|Any CPU
		Release|Any CPU = Release|Any CPU
	EndGlobalSection
	GlobalSection(ProjectConfigurationPlatforms) = postSolution
		{0683B334-00D5-4CE2-A0F4-C3CD2D72C319}.Debug|Any CPU.ActiveCfg = Debug|Any CPU
		{0683B334-00D5-4CE2-A0F4-C3CD2D72C319}.Debug|Any CPU.Build.0 = Debug|Any CPU
		{0683B334-00D5-4CE2-A0F4-C3CD2D72C319}.Release|Any CPU.ActiveCfg = Release|Any CPU
		{0683B334-00D5-4CE2-A0F4-C3CD2D72C319}.Release|Any CPU.Build.0 = Release|Any CPU
	EndGlobalSection
	GlobalSection(SolutionProperties) = preSolution
		HideSolutionNode = FALSE
	EndGlobalSection
	GlobalSection(ExtensibilityGlobals) = postSolution
		SolutionGuid = {F1D8C1B4-AF71-45BF-AAE2-CEB60D649C96}
	EndGlobalSection
EndGlobal
