
Microsoft Visual Studio Solution File, Format Version 12.00
# Visual Studio Version 17
VisualStudioVersion = 17.10.35027.167
MinimumVisualStudioVersion = 10.0.40219.1
Project("{FAE04EC0-301F-11D3-BF4B-00C04F79EFBC}") = "LU1_Process_Demo_G1", "LU1_Process_Demo_G1.csproj", "{B4F8A7DB-F7AE-420B-B8AA-3EE891F92D4D}"
EndProject
Global
	GlobalSection(SolutionConfigurationPlatforms) = preSolution
		Debug|Any CPU = Debug|Any CPU
		Release|Any CPU = Release|Any CPU
	EndGlobalSection
	GlobalSection(ProjectConfigurationPlatforms) = postSolution
		{B4F8A7DB-F7AE-420B-B8AA-3EE891F92D4D}.Debug|Any CPU.ActiveCfg = Debug|Any CPU
		{B4F8A7DB-F7AE-420B-B8AA-3EE891F92D4D}.Debug|Any CPU.Build.0 = Debug|Any CPU
		{B4F8A7DB-F7AE-420B-B8AA-3EE891F92D4D}.Release|Any CPU.ActiveCfg = Release|Any CPU
		{B4F8A7DB-F7AE-420B-B8AA-3EE891F92D4D}.Release|Any CPU.Build.0 = Release|Any CPU
	EndGlobalSection
	GlobalSection(SolutionProperties) = preSolution
		HideSolutionNode = FALSE
	EndGlobalSection
	GlobalSection(ExtensibilityGlobals) = postSolution
		SolutionGuid = {5C4942D0-2CCE-4346-B0C8-4DB64394E1DB}
	EndGlobalSection
EndGlobal
