
Microsoft Visual Studio Solution File, Format Version 12.00
# Visual Studio Version 17
VisualStudioVersion = 17.10.35027.167
MinimumVisualStudioVersion = 10.0.40219.1
Project("{FAE04EC0-301F-11D3-BF4B-00C04F79EFBC}") = "LU1 - Object_Generations", "LU1 - Object_Generations.csproj", "{30614049-5688-43E5-A705-69A8A0AC1A5A}"
EndProject
Global
	GlobalSection(SolutionConfigurationPlatforms) = preSolution
		Debug|Any CPU = Debug|Any CPU
		Release|Any CPU = Release|Any CPU
	EndGlobalSection
	GlobalSection(ProjectConfigurationPlatforms) = postSolution
		{30614049-5688-43E5-A705-69A8A0AC1A5A}.Debug|Any CPU.ActiveCfg = Debug|Any CPU
		{30614049-5688-43E5-A705-69A8A0AC1A5A}.Debug|Any CPU.Build.0 = Debug|Any CPU
		{30614049-5688-43E5-A705-69A8A0AC1A5A}.Release|Any CPU.ActiveCfg = Release|Any CPU
		{30614049-5688-43E5-A705-69A8A0AC1A5A}.Release|Any CPU.Build.0 = Release|Any CPU
	EndGlobalSection
	GlobalSection(SolutionProperties) = preSolution
		HideSolutionNode = FALSE
	EndGlobalSection
	GlobalSection(ExtensibilityGlobals) = postSolution
		SolutionGuid = {F779E3B9-CDCB-4F66-8C2F-3C4642528EB9}
	EndGlobalSection
EndGlobal
