
Microsoft Visual Studio Solution File, Format Version 12.00
# Visual Studio Version 17
VisualStudioVersion = 17.11.35219.272
MinimumVisualStudioVersion = 10.0.40219.1
Project("{FAE04EC0-301F-11D3-BF4B-00C04F79EFBC}") = "SimpleLibraryApp", "SimpleLibraryApp\SimpleLibraryApp.csproj", "{78CD4414-B380-4D07-AA9D-9DE6CA4541F1}"
EndProject
Global
	GlobalSection(SolutionConfigurationPlatforms) = preSolution
		Debug|Any CPU = Debug|Any CPU
		Release|Any CPU = Release|Any CPU
	EndGlobalSection
	GlobalSection(ProjectConfigurationPlatforms) = postSolution
		{78CD4414-B380-4D07-AA9D-9DE6CA4541F1}.Debug|Any CPU.ActiveCfg = Debug|Any CPU
		{78CD4414-B380-4D07-AA9D-9DE6CA4541F1}.Debug|Any CPU.Build.0 = Debug|Any CPU
		{78CD4414-B380-4D07-AA9D-9DE6CA4541F1}.Release|Any CPU.ActiveCfg = Release|Any CPU
		{78CD4414-B380-4D07-AA9D-9DE6CA4541F1}.Release|Any CPU.Build.0 = Release|Any CPU
	EndGlobalSection
	GlobalSection(SolutionProperties) = preSolution
		HideSolutionNode = FALSE
	EndGlobalSection
	GlobalSection(ExtensibilityGlobals) = postSolution
		SolutionGuid = {21089D8A-4AF4-4644-936C-B414AE5E28B2}
	EndGlobalSection
EndGlobal
