
Microsoft Visual Studio Solution File, Format Version 12.00
# Visual Studio Version 17
VisualStudioVersion = 17.10.35027.167
MinimumVisualStudioVersion = 10.0.40219.1
Project("{FAE04EC0-301F-11D3-BF4B-00C04F79EFBC}") = "Reflection_App_G1", "Reflection_App_G1\Reflection_App_G1.csproj", "{BF5D25D4-8985-45B1-B1D2-A37BF9D7FB8F}"
EndProject
Global
	GlobalSection(SolutionConfigurationPlatforms) = preSolution
		Debug|Any CPU = Debug|Any CPU
		Release|Any CPU = Release|Any CPU
	EndGlobalSection
	GlobalSection(ProjectConfigurationPlatforms) = postSolution
		{BF5D25D4-8985-45B1-B1D2-A37BF9D7FB8F}.Debug|Any CPU.ActiveCfg = Debug|Any CPU
		{BF5D25D4-8985-45B1-B1D2-A37BF9D7FB8F}.Debug|Any CPU.Build.0 = Debug|Any CPU
		{BF5D25D4-8985-45B1-B1D2-A37BF9D7FB8F}.Release|Any CPU.ActiveCfg = Release|Any CPU
		{BF5D25D4-8985-45B1-B1D2-A37BF9D7FB8F}.Release|Any CPU.Build.0 = Release|Any CPU
	EndGlobalSection
	GlobalSection(SolutionProperties) = preSolution
		HideSolutionNode = FALSE
	EndGlobalSection
	GlobalSection(ExtensibilityGlobals) = postSolution
		SolutionGuid = {1EC6DBF9-7B03-414C-99C7-8FE407524006}
	EndGlobalSection
EndGlobal
