
Microsoft Visual Studio Solution File, Format Version 12.00
# Visual Studio Version 17
VisualStudioVersion = 17.11.35222.181
MinimumVisualStudioVersion = 10.0.40219.1
Project("{FAE04EC0-301F-11D3-BF4B-00C04F79EFBC}") = "SpaceExplorerAcademy", "SpaceExplorerAcademy\SpaceExplorerAcademy.csproj", "{502FE016-E77B-44A8-BA45-B1DCB820849D}"
EndProject
Global
	GlobalSection(SolutionConfigurationPlatforms) = preSolution
		Debug|Any CPU = Debug|Any CPU
		Release|Any CPU = Release|Any CPU
	EndGlobalSection
	GlobalSection(ProjectConfigurationPlatforms) = postSolution
		{502FE016-E77B-44A8-BA45-B1DCB820849D}.Debug|Any CPU.ActiveCfg = Debug|Any CPU
		{502FE016-E77B-44A8-BA45-B1DCB820849D}.Debug|Any CPU.Build.0 = Debug|Any CPU
		{502FE016-E77B-44A8-BA45-B1DCB820849D}.Release|Any CPU.ActiveCfg = Release|Any CPU
		{502FE016-E77B-44A8-BA45-B1DCB820849D}.Release|Any CPU.Build.0 = Release|Any CPU
	EndGlobalSection
	GlobalSection(SolutionProperties) = preSolution
		HideSolutionNode = FALSE
	EndGlobalSection
	GlobalSection(ExtensibilityGlobals) = postSolution
		SolutionGuid = {EC635190-EA14-497F-AACC-AFC5C55F7300}
	EndGlobalSection
EndGlobal
